// !$*UTF8*$!
{
	archiveVersion = 1;
	classes = {
	};
	objectVersion = 50;
	objects = {

/* Begin PBXBuildFile section */
		6BD0D39926A2C59F0004F42F /* AppDelegate.swift in Sources */ = {isa = PBXBuildFile; fileRef = 6BD0D39826A2C59F0004F42F /* AppDelegate.swift */; };
		6BD0D39B26A2C59F0004F42F /* SceneDelegate.swift in Sources */ = {isa = PBXBuildFile; fileRef = 6BD0D39A26A2C59F0004F42F /* SceneDelegate.swift */; };
		6BD0D39D26A2C59F0004F42F /* ViewController.swift in Sources */ = {isa = PBXBuildFile; fileRef = 6BD0D39C26A2C59F0004F42F /* ViewController.swift */; };
		6BD0D3A026A2C59F0004F42F /* Main.storyboard in Resources */ = {isa = PBXBuildFile; fileRef = 6BD0D39E26A2C59F0004F42F /* Main.storyboard */; };
		6BD0D3A226A2C5A00004F42F /* Assets.xcassets in Resources */ = {isa = PBXBuildFile; fileRef = 6BD0D3A126A2C5A00004F42F /* Assets.xcassets */; };
		6BD0D3A526A2C5A00004F42F /* LaunchScreen.storyboard in Resources */ = {isa = PBXBuildFile; fileRef = 6BD0D3A326A2C5A00004F42F /* LaunchScreen.storyboard */; };
		6BD0D3B026A2C5A10004F42F /* TasksTests.swift in Sources */ = {isa = PBXBuildFile; fileRef = 6BD0D3AF26A2C5A10004F42F /* TasksTests.swift */; };
		6BD0D3BB26A2C5A10004F42F /* TasksUITests.swift in Sources */ = {isa = PBXBuildFile; fileRef = 6BD0D3BA26A2C5A10004F42F /* TasksUITests.swift */; };
/* End PBXBuildFile section */

/* Begin PBXContainerItemProxy section */
		6BD0D3AC26A2C5A10004F42F /* PBXContainerItemProxy */ = {
			isa = PBXContainerItemProxy;
			containerPortal = 6BD0D38D26A2C59F0004F42F /* Project object */;
			proxyType = 1;
			remoteGlobalIDString = 6BD0D39426A2C59F0004F42F;
			remoteInfo = Tasks;
		};
		6BD0D3B726A2C5A10004F42F /* PBXContainerItemProxy */ = {
			isa = PBXContainerItemProxy;
			containerPortal = 6BD0D38D26A2C59F0004F42F /* Project object */;
			proxyType = 1;
			remoteGlobalIDString = 6BD0D39426A2C59F0004F42F;
			remoteInfo = Tasks;
		};
/* End PBXContainerItemProxy section */

/* Begin PBXFileReference section */
		6BD0D39526A2C59F0004F42F /* Tasks.app */ = {isa = PBXFileReference; explicitFileType = wrapper.application; includeInIndex = 0; path = Tasks.app; sourceTree = BUILT_PRODUCTS_DIR; };
		6BD0D39826A2C59F0004F42F /* AppDelegate.swift */ = {isa = PBXFileReference; lastKnownFileType = sourcecode.swift; path = AppDelegate.swift; sourceTree = "<group>"; };
		6BD0D39A26A2C59F0004F42F /* SceneDelegate.swift */ = {isa = PBXFileReference; lastKnownFileType = sourcecode.swift; path = SceneDelegate.swift; sourceTree = "<group>"; };
		6BD0D39C26A2C59F0004F42F /* ViewController.swift */ = {isa = PBXFileReference; lastKnownFileType = sourcecode.swift; path = ViewController.swift; sourceTree = "<group>"; };
		6BD0D39F26A2C59F0004F42F /* Base */ = {isa = PBXFileReference; lastKnownFileType = file.storyboard; name = Base; path = Base.lproj/Main.storyboard; sourceTree = "<group>"; };
		6BD0D3A126A2C5A00004F42F /* Assets.xcassets */ = {isa = PBXFileReference; lastKnownFileType = folder.assetcatalog; path = Assets.xcassets; sourceTree = "<group>"; };
		6BD0D3A426A2C5A00004F42F /* Base */ = {isa = PBXFileReference; lastKnownFileType = file.storyboard; name = Base; path = Base.lproj/LaunchScreen.storyboard; sourceTree = "<group>"; };
		6BD0D3A626A2C5A00004F42F /* Info.plist */ = {isa = PBXFileReference; lastKnownFileType = text.plist.xml; path = Info.plist; sourceTree = "<group>"; };
		6BD0D3AB26A2C5A10004F42F /* TasksTests.xctest */ = {isa = PBXFileReference; explicitFileType = wrapper.cfbundle; includeInIndex = 0; path = TasksTests.xctest; sourceTree = BUILT_PRODUCTS_DIR; };
		6BD0D3AF26A2C5A10004F42F /* TasksTests.swift */ = {isa = PBXFileReference; lastKnownFileType = sourcecode.swift; path = TasksTests.swift; sourceTree = "<group>"; };
		6BD0D3B126A2C5A10004F42F /* Info.plist */ = {isa = PBXFileReference; lastKnownFileType = text.plist.xml; path = Info.plist; sourceTree = "<group>"; };
		6BD0D3B626A2C5A10004F42F /* TasksUITests.xctest */ = {isa = PBXFileReference; explicitFileType = wrapper.cfbundle; includeInIndex = 0; path = TasksUITests.xctest; sourceTree = BUILT_PRODUCTS_DIR; };
		6BD0D3BA26A2C5A10004F42F /* TasksUITests.swift */ = {isa = PBXFileReference; lastKnownFileType = sourcecode.swift; path = TasksUITests.swift; sourceTree = "<group>"; };
		6BD0D3BC26A2C5A10004F42F /* Info.plist */ = {isa = PBXFileReference; lastKnownFileType = text.plist.xml; path = Info.plist; sourceTree = "<group>"; };
/* End PBXFileReference section */

/* Begin PBXFrameworksBuildPhase section */
		6BD0D39226A2C59F0004F42F /* Frameworks */ = {
			isa = PBXFrameworksBuildPhase;
			buildActionMask = 2147483647;
			files = (
			);
			runOnlyForDeploymentPostprocessing = 0;
		};
		6BD0D3A826A2C5A10004F42F /* Frameworks */ = {
			isa = PBXFrameworksBuildPhase;
			buildActionMask = 2147483647;
			files = (
			);
			runOnlyForDeploymentPostprocessing = 0;
		};
		6BD0D3B326A2C5A10004F42F /* Frameworks */ = {
			isa = PBXFrameworksBuildPhase;
			buildActionMask = 2147483647;
			files = (
			);
			runOnlyForDeploymentPostprocessing = 0;
		};
/* End PBXFrameworksBuildPhase section */

/* Begin PBXGroup section */
		6BD0D38C26A2C59F0004F42F = {
			isa = PBXGroup;
			children = (
				6BD0D39726A2C59F0004F42F /* Tasks */,
				6BD0D3AE26A2C5A10004F42F /* TasksTests */,
				6BD0D3B926A2C5A10004F42F /* TasksUITests */,
				6BD0D39626A2C59F0004F42F /* Products */,
			);
			sourceTree = "<group>";
		};
		6BD0D39626A2C59F0004F42F /* Products */ = {
			isa = PBXGroup;
			children = (
				6BD0D39526A2C59F0004F42F /* Tasks.app */,
				6BD0D3AB26A2C5A10004F42F /* TasksTests.xctest */,
				6BD0D3B626A2C5A10004F42F /* TasksUITests.xctest */,
			);
			name = Products;
			sourceTree = "<group>";
		};
		6BD0D39726A2C59F0004F42F /* Tasks */ = {
			isa = PBXGroup;
			children = (
				6BD0D39826A2C59F0004F42F /* AppDelegate.swift */,
				6BD0D39A26A2C59F0004F42F /* SceneDelegate.swift */,
				6BD0D39C26A2C59F0004F42F /* ViewController.swift */,
				6BD0D39E26A2C59F0004F42F /* Main.storyboard */,
				6BD0D3A126A2C5A00004F42F /* Assets.xcassets */,
				6BD0D3A326A2C5A00004F42F /* LaunchScreen.storyboard */,
				6BD0D3A626A2C5A00004F42F /* Info.plist */,
			);
			path = Tasks;
			sourceTree = "<group>";
		};
		6BD0D3AE26A2C5A10004F42F /* TasksTests */ = {
			isa = PBXGroup;
			children = (
				6BD0D3AF26A2C5A10004F42F /* TasksTests.swift */,
				6BD0D3B126A2C5A10004F42F /* Info.plist */,
			);
			path = TasksTests;
			sourceTree = "<group>";
		};
		6BD0D3B926A2C5A10004F42F /* TasksUITests */ = {
			isa = PBXGroup;
			children = (
				6BD0D3BA26A2C5A10004F42F /* TasksUITests.swift */,
				6BD0D3BC26A2C5A10004F42F /* Info.plist */,
			);
			path = TasksUITests;
			sourceTree = "<group>";
		};
/* End PBXGroup section */

/* Begin PBXNativeTarget section */
		6BD0D39426A2C59F0004F42F /* Tasks */ = {
			isa = PBXNativeTarget;
			buildConfigurationList = 6BD0D3BF26A2C5A10004F42F /* Build configuration list for PBXNativeTarget "Tasks" */;
			buildPhases = (
				6BD0D39126A2C59F0004F42F /* Sources */,
				6BD0D39226A2C59F0004F42F /* Frameworks */,
				6BD0D39326A2C59F0004F42F /* Resources */,
			);
			buildRules = (
			);
			dependencies = (
			);
			name = Tasks;
			productName = Tasks;
			productReference = 6BD0D39526A2C59F0004F42F /* Tasks.app */;
			productType = "com.apple.product-type.application";
		};
		6BD0D3AA26A2C5A10004F42F /* TasksTests */ = {
			isa = PBXNativeTarget;
			buildConfigurationList = 6BD0D3C226A2C5A10004F42F /* Build configuration list for PBXNativeTarget "TasksTests" */;
			buildPhases = (
				6BD0D3A726A2C5A10004F42F /* Sources */,
				6BD0D3A826A2C5A10004F42F /* Frameworks */,
				6BD0D3A926A2C5A10004F42F /* Resources */,
			);
			buildRules = (
			);
			dependencies = (
				6BD0D3AD26A2C5A10004F42F /* PBXTargetDependency */,
			);
			name = TasksTests;
			productName = TasksTests;
			productReference = 6BD0D3AB26A2C5A10004F42F /* TasksTests.xctest */;
			productType = "com.apple.product-type.bundle.unit-test";
		};
		6BD0D3B526A2C5A10004F42F /* TasksUITests */ = {
			isa = PBXNativeTarget;
			buildConfigurationList = 6BD0D3C526A2C5A10004F42F /* Build configuration list for PBXNativeTarget "TasksUITests" */;
			buildPhases = (
				6BD0D3B226A2C5A10004F42F /* Sources */,
				6BD0D3B326A2C5A10004F42F /* Frameworks */,
				6BD0D3B426A2C5A10004F42F /* Resources */,
			);
			buildRules = (
			);
			dependencies = (
				6BD0D3B826A2C5A10004F42F /* PBXTargetDependency */,
			);
			name = TasksUITests;
			productName = TasksUITests;
			productReference = 6BD0D3B626A2C5A10004F42F /* TasksUITests.xctest */;
			productType = "com.apple.product-type.bundle.ui-testing";
		};
/* End PBXNativeTarget section */

/* Begin PBXProject section */
		6BD0D38D26A2C59F0004F42F /* Project object */ = {
			isa = PBXProject;
			attributes = {
				LastSwiftUpdateCheck = 1250;
				LastUpgradeCheck = 1250;
				TargetAttributes = {
					6BD0D39426A2C59F0004F42F = {
						CreatedOnToolsVersion = 12.5;
					};
					6BD0D3AA26A2C5A10004F42F = {
						CreatedOnToolsVersion = 12.5;
						TestTargetID = 6BD0D39426A2C59F0004F42F;
					};
					6BD0D3B526A2C5A10004F42F = {
						CreatedOnToolsVersion = 12.5;
						TestTargetID = 6BD0D39426A2C59F0004F42F;
					};
				};
			};
			buildConfigurationList = 6BD0D39026A2C59F0004F42F /* Build configuration list for PBXProject "Tasks" */;
			compatibilityVersion = "Xcode 9.3";
			developmentRegion = en;
			hasScannedForEncodings = 0;
			knownRegions = (
				en,
				Base,
			);
			mainGroup = 6BD0D38C26A2C59F0004F42F;
			productRefGroup = 6BD0D39626A2C59F0004F42F /* Products */;
			projectDirPath = "";
			projectRoot = "";
			targets = (
				6BD0D39426A2C59F0004F42F /* Tasks */,
				6BD0D3AA26A2C5A10004F42F /* TasksTests */,
				6BD0D3B526A2C5A10004F42F /* TasksUITests */,
			);
		};
/* End PBXProject section */

/* Begin PBXResourcesBuildPhase section */
		6BD0D39326A2C59F0004F42F /* Resources */ = {
			isa = PBXResourcesBuildPhase;
			buildActionMask = 2147483647;
			files = (
				6BD0D3A526A2C5A00004F42F /* LaunchScreen.storyboard in Resources */,
				6BD0D3A226A2C5A00004F42F /* Assets.xcassets in Resources */,
				6BD0D3A026A2C59F0004F42F /* Main.storyboard in Resources */,
			);
			runOnlyForDeploymentPostprocessing = 0;
		};
		6BD0D3A926A2C5A10004F42F /* Resources */ = {
			isa = PBXResourcesBuildPhase;
			buildActionMask = 2147483647;
			files = (
			);
			runOnlyForDeploymentPostprocessing = 0;
		};
		6BD0D3B426A2C5A10004F42F /* Resources */ = {
			isa = PBXResourcesBuildPhase;
			buildActionMask = 2147483647;
			files = (
			);
			runOnlyForDeploymentPostprocessing = 0;
		};
/* End PBXResourcesBuildPhase section */

/* Begin PBXSourcesBuildPhase section */
		6BD0D39126A2C59F0004F42F /* Sources */ = {
			isa = PBXSourcesBuildPhase;
			buildActionMask = 2147483647;
			files = (
				6BD0D39D26A2C59F0004F42F /* ViewController.swift in Sources */,
				6BD0D39926A2C59F0004F42F /* AppDelegate.swift in Sources */,
				6BD0D39B26A2C59F0004F42F /* SceneDelegate.swift in Sources */,
			);
			runOnlyForDeploymentPostprocessing = 0;
		};
		6BD0D3A726A2C5A10004F42F /* Sources */ = {
			isa = PBXSourcesBuildPhase;
			buildActionMask = 2147483647;
			files = (
				6BD0D3B026A2C5A10004F42F /* TasksTests.swift in Sources */,
			);
			runOnlyForDeploymentPostprocessing = 0;
		};
		6BD0D3B226A2C5A10004F42F /* Sources */ = {
			isa = PBXSourcesBuildPhase;
			buildActionMask = 2147483647;
			files = (
				6BD0D3BB26A2C5A10004F42F /* TasksUITests.swift in Sources */,
			);
			runOnlyForDeploymentPostprocessing = 0;
		};
/* End PBXSourcesBuildPhase section */

/* Begin PBXTargetDependency section */
		6BD0D3AD26A2C5A10004F42F /* PBXTargetDependency */ = {
			isa = PBXTargetDependency;
			target = 6BD0D39426A2C59F0004F42F /* Tasks */;
			targetProxy = 6BD0D3AC26A2C5A10004F42F /* PBXContainerItemProxy */;
		};
		6BD0D3B826A2C5A10004F42F /* PBXTargetDependency */ = {
			isa = PBXTargetDependency;
			target = 6BD0D39426A2C59F0004F42F /* Tasks */;
			targetProxy = 6BD0D3B726A2C5A10004F42F /* PBXContainerItemProxy */;
		};
/* End PBXTargetDependency section */

/* Begin PBXVariantGroup section */
		6BD0D39E26A2C59F0004F42F /* Main.storyboard */ = {
			isa = PBXVariantGroup;
			children = (
				6BD0D39F26A2C59F0004F42F /* Base */,
			);
			name = Main.storyboard;
			sourceTree = "<group>";
		};
		6BD0D3A326A2C5A00004F42F /* LaunchScreen.storyboard */ = {
			isa = PBXVariantGroup;
			children = (
				6BD0D3A426A2C5A00004F42F /* Base */,
			);
			name = LaunchScreen.storyboard;
			sourceTree = "<group>";
		};
/* End PBXVariantGroup section */

/* Begin XCBuildConfiguration section */
		6BD0D3BD26A2C5A10004F42F /* Debug */ = {
			isa = XCBuildConfiguration;
			buildSettings = {
				ALWAYS_SEARCH_USER_PATHS = NO;
				CLANG_ANALYZER_NONNULL = YES;
				CLANG_ANALYZER_NUMBER_OBJECT_CONVERSION = YES_AGGRESSIVE;
				CLANG_CXX_LANGUAGE_STANDARD = "gnu++14";
				CLANG_CXX_LIBRARY = "libc++";
				CLANG_ENABLE_MODULES = YES;
				CLANG_ENABLE_OBJC_ARC = YES;
				CLANG_ENABLE_OBJC_WEAK = YES;
				CLANG_WARN_BLOCK_CAPTURE_AUTORELEASING = YES;
				CLANG_WARN_BOOL_CONVERSION = YES;
				CLANG_WARN_COMMA = YES;
				CLANG_WARN_CONSTANT_CONVERSION = YES;
				CLANG_WARN_DEPRECATED_OBJC_IMPLEMENTATIONS = YES;
				CLANG_WARN_DIRECT_OBJC_ISA_USAGE = YES_ERROR;
				CLANG_WARN_DOCUMENTATION_COMMENTS = YES;
				CLANG_WARN_EMPTY_BODY = YES;
				CLANG_WARN_ENUM_CONVERSION = YES;
				CLANG_WARN_INFINITE_RECURSION = YES;
				CLANG_WARN_INT_CONVERSION = YES;
				CLANG_WARN_NON_LITERAL_NULL_CONVERSION = YES;
				CLANG_WARN_OBJC_IMPLICIT_RETAIN_SELF = YES;
				CLANG_WARN_OBJC_LITERAL_CONVERSION = YES;
				CLANG_WARN_OBJC_ROOT_CLASS = YES_ERROR;
				CLANG_WARN_QUOTED_INCLUDE_IN_FRAMEWORK_HEADER = YES;
				CLANG_WARN_RANGE_LOOP_ANALYSIS = YES;
				CLANG_WARN_STRICT_PROTOTYPES = YES;
				CLANG_WARN_SUSPICIOUS_MOVE = YES;
				CLANG_WARN_UNGUARDED_AVAILABILITY = YES_AGGRESSIVE;
				CLANG_WARN_UNREACHABLE_CODE = YES;
				CLANG_WARN__DUPLICATE_METHOD_MATCH = YES;
				COPY_PHASE_STRIP = NO;
				DEBUG_INFORMATION_FORMAT = dwarf;
				ENABLE_STRICT_OBJC_MSGSEND = YES;
				ENABLE_TESTABILITY = YES;
				GCC_C_LANGUAGE_STANDARD = gnu11;
				GCC_DYNAMIC_NO_PIC = NO;
				GCC_NO_COMMON_BLOCKS = YES;
				GCC_OPTIMIZATION_LEVEL = 0;
				GCC_PREPROCESSOR_DEFINITIONS = (
					"DEBUG=1",
					"$(inherited)",
				);
				GCC_WARN_64_TO_32_BIT_CONVERSION = YES;
				GCC_WARN_ABOUT_RETURN_TYPE = YES_ERROR;
				GCC_WARN_UNDECLARED_SELECTOR = YES;
				GCC_WARN_UNINITIALIZED_AUTOS = YES_AGGRESSIVE;
				GCC_WARN_UNUSED_FUNCTION = YES;
				GCC_WARN_UNUSED_VARIABLE = YES;
				IPHONEOS_DEPLOYMENT_TARGET = 14.5;
				MTL_ENABLE_DEBUG_INFO = INCLUDE_SOURCE;
				MTL_FAST_MATH = YES;
				ONLY_ACTIVE_ARCH = YES;
				SDKROOT = iphoneos;
				SWIFT_ACTIVE_COMPILATION_CONDITIONS = DEBUG;
				SWIFT_OPTIMIZATION_LEVEL = "-Onone";
			};
			name = Debug;
		};
		6BD0D3BE26A2C5A10004F42F /* Release */ = {
			isa = XCBuildConfiguration;
			buildSettings = {
				ALWAYS_SEARCH_USER_PATHS = NO;
				CLANG_ANALYZER_NONNULL = YES;
				CLANG_ANALYZER_NUMBER_OBJECT_CONVERSION = YES_AGGRESSIVE;
				CLANG_CXX_LANGUAGE_STANDARD = "gnu++14";
				CLANG_CXX_LIBRARY = "libc++";
				CLANG_ENABLE_MODULES = YES;
				CLANG_ENABLE_OBJC_ARC = YES;
				CLANG_ENABLE_OBJC_WEAK = YES;
				CLANG_WARN_BLOCK_CAPTURE_AUTORELEASING = YES;
				CLANG_WARN_BOOL_CONVERSION = YES;
				CLANG_WARN_COMMA = YES;
				CLANG_WARN_CONSTANT_CONVERSION = YES;
				CLANG_WARN_DEPRECATED_OBJC_IMPLEMENTATIONS = YES;
				CLANG_WARN_DIRECT_OBJC_ISA_USAGE = YES_ERROR;
				CLANG_WARN_DOCUMENTATION_COMMENTS = YES;
				CLANG_WARN_EMPTY_BODY = YES;
				CLANG_WARN_ENUM_CONVERSION = YES;
				CLANG_WARN_INFINITE_RECURSION = YES;
				CLANG_WARN_INT_CONVERSION = YES;
				CLANG_WARN_NON_LITERAL_NULL_CONVERSION = YES;
				CLANG_WARN_OBJC_IMPLICIT_RETAIN_SELF = YES;
				CLANG_WARN_OBJC_LITERAL_CONVERSION = YES;
				CLANG_WARN_OBJC_ROOT_CLASS = YES_ERROR;
				CLANG_WARN_QUOTED_INCLUDE_IN_FRAMEWORK_HEADER = YES;
				CLANG_WARN_RANGE_LOOP_ANALYSIS = YES;
				CLANG_WARN_STRICT_PROTOTYPES = YES;
				CLANG_WARN_SUSPICIOUS_MOVE = YES;
				CLANG_WARN_UNGUARDED_AVAILABILITY = YES_AGGRESSIVE;
				CLANG_WARN_UNREACHABLE_CODE = YES;
				CLANG_WARN__DUPLICATE_METHOD_MATCH = YES;
				COPY_PHASE_STRIP = NO;
				DEBUG_INFORMATION_FORMAT = "dwarf-with-dsym";
				ENABLE_NS_ASSERTIONS = NO;
				ENABLE_STRICT_OBJC_MSGSEND = YES;
				GCC_C_LANGUAGE_STANDARD = gnu11;
				GCC_NO_COMMON_BLOCKS = YES;
				GCC_WARN_64_TO_32_BIT_CONVERSION = YES;
				GCC_WARN_ABOUT_RETURN_TYPE = YES_ERROR;
				GCC_WARN_UNDECLARED_SELECTOR = YES;
				GCC_WARN_UNINITIALIZED_AUTOS = YES_AGGRESSIVE;
				GCC_WARN_UNUSED_FUNCTION = YES;
				GCC_WARN_UNUSED_VARIABLE = YES;
				IPHONEOS_DEPLOYMENT_TARGET = 14.5;
				MTL_ENABLE_DEBUG_INFO = NO;
				MTL_FAST_MATH = YES;
				SDKROOT = iphoneos;
				SWIFT_COMPILATION_MODE = wholemodule;
				SWIFT_OPTIMIZATION_LEVEL = "-O";
				VALIDATE_PRODUCT = YES;
			};
			name = Release;
		};
		6BD0D3C026A2C5A10004F42F /* Debug */ = {
			isa = XCBuildConfiguration;
			buildSettings = {
				ASSETCATALOG_COMPILER_APPICON_NAME = AppIcon;
				ASSETCATALOG_COMPILER_GLOBAL_ACCENT_COLOR_NAME = AccentColor;
				CODE_SIGN_STYLE = Automatic;
				DEVELOPMENT_TEAM = AU2898WNZG;
				INFOPLIST_FILE = Tasks/Info.plist;
				LD_RUNPATH_SEARCH_PATHS = (
					"$(inherited)",
					"@executable_path/Frameworks",
				);
				PRODUCT_BUNDLE_IDENTIFIER = d.Tasks;
				PRODUCT_NAME = "$(TARGET_NAME)";
				SWIFT_VERSION = 5.0;
				TARGETED_DEVICE_FAMILY = "1,2";
			};
			name = Debug;
		};
		6BD0D3C126A2C5A10004F42F /* Release */ = {
			isa = XCBuildConfiguration;
			buildSettings = {
				ASSETCATALOG_COMPILER_APPICON_NAME = AppIcon;
				ASSETCATALOG_COMPILER_GLOBAL_ACCENT_COLOR_NAME = AccentColor;
				CODE_SIGN_STYLE = Automatic;
				DEVELOPMENT_TEAM = AU2898WNZG;
				INFOPLIST_FILE = Tasks/Info.plist;
				LD_RUNPATH_SEARCH_PATHS = (
					"$(inherited)",
					"@executable_path/Frameworks",
				);
				PRODUCT_BUNDLE_IDENTIFIER = d.Tasks;
				PRODUCT_NAME = "$(TARGET_NAME)";
				SWIFT_VERSION = 5.0;
				TARGETED_DEVICE_FAMILY = "1,2";
			};
			name = Release;
		};
		6BD0D3C326A2C5A10004F42F /* Debug */ = {
			isa = XCBuildConfiguration;
			buildSettings = {
				ALWAYS_EMBED_SWIFT_STANDARD_LIBRARIES = YES;
				BUNDLE_LOADER = "$(TEST_HOST)";
				CODE_SIGN_STYLE = Automatic;
				DEVELOPMENT_TEAM = AU2898WNZG;
				INFOPLIST_FILE = TasksTests/Info.plist;
				IPHONEOS_DEPLOYMENT_TARGET = 14.5;
				LD_RUNPATH_SEARCH_PATHS = (
					"$(inherited)",
					"@executable_path/Frameworks",
					"@loader_path/Frameworks",
				);
				PRODUCT_BUNDLE_IDENTIFIER = d.TasksTests;
				PRODUCT_NAME = "$(TARGET_NAME)";
				SWIFT_VERSION = 5.0;
				TARGETED_DEVICE_FAMILY = "1,2";
				TEST_HOST = "$(BUILT_PRODUCTS_DIR)/Tasks.app/Tasks";
			};
			name = Debug;
		};
		6BD0D3C426A2C5A10004F42F /* Release */ = {
			isa = XCBuildConfiguration;
			buildSettings = {
				ALWAYS_EMBED_SWIFT_STANDARD_LIBRARIES = YES;
				BUNDLE_LOADER = "$(TEST_HOST)";
				CODE_SIGN_STYLE = Automatic;
				DEVELOPMENT_TEAM = AU2898WNZG;
				INFOPLIST_FILE = TasksTests/Info.plist;
				IPHONEOS_DEPLOYMENT_TARGET = 14.5;
				LD_RUNPATH_SEARCH_PATHS = (
					"$(inherited)",
					"@executable_path/Frameworks",
					"@loader_path/Frameworks",
				);
				PRODUCT_BUNDLE_IDENTIFIER = d.TasksTests;
				PRODUCT_NAME = "$(TARGET_NAME)";
				SWIFT_VERSION = 5.0;
				TARGETED_DEVICE_FAMILY = "1,2";
				TEST_HOST = "$(BUILT_PRODUCTS_DIR)/Tasks.app/Tasks";
			};
			name = Release;
		};
		6BD0D3C626A2C5A10004F42F /* Debug */ = {
			isa = XCBuildConfiguration;
			buildSettings = {
				ALWAYS_EMBED_SWIFT_STANDARD_LIBRARIES = YES;
				CODE_SIGN_STYLE = Automatic;
				DEVELOPMENT_TEAM = AU2898WNZG;
				INFOPLIST_FILE = TasksUITests/Info.plist;
				LD_RUNPATH_SEARCH_PATHS = (
					"$(inherited)",
					"@executable_path/Frameworks",
					"@loader_path/Frameworks",
				);
				PRODUCT_BUNDLE_IDENTIFIER = d.TasksUITests;
				PRODUCT_NAME = "$(TARGET_NAME)";
				SWIFT_VERSION = 5.0;
				TARGETED_DEVICE_FAMILY = "1,2";
				TEST_TARGET_NAME = Tasks;
			};
			name = Debug;
		};
		6BD0D3C726A2C5A10004F42F /* Release */ = {
			isa = XCBuildConfiguration;
			buildSettings = {
				ALWAYS_EMBED_SWIFT_STANDARD_LIBRARIES = YES;
				CODE_SIGN_STYLE = Automatic;
				DEVELOPMENT_TEAM = AU2898WNZG;
				INFOPLIST_FILE = TasksUITests/Info.plist;
				LD_RUNPATH_SEARCH_PATHS = (
					"$(inherited)",
					"@executable_path/Frameworks",
					"@loader_path/Frameworks",
				);
				PRODUCT_BUNDLE_IDENTIFIER = d.TasksUITests;
				PRODUCT_NAME = "$(TARGET_NAME)";
				SWIFT_VERSION = 5.0;
				TARGETED_DEVICE_FAMILY = "1,2";
				TEST_TARGET_NAME = Tasks;
			};
			name = Release;
		};
/* End XCBuildConfiguration section */

/* Begin XCConfigurationList section */
		6BD0D39026A2C59F0004F42F /* Build configuration list for PBXProject "Tasks" */ = {
			isa = XCConfigurationList;
			buildConfigurations = (
				6BD0D3BD26A2C5A10004F42F /* Debug */,
				6BD0D3BE26A2C5A10004F42F /* Release */,
			);
			defaultConfigurationIsVisible = 0;
			defaultConfigurationName = Release;
		};
		6BD0D3BF26A2C5A10004F42F /* Build configuration list for PBXNativeTarget "Tasks" */ = {
			isa = XCConfigurationList;
			buildConfigurations = (
				6BD0D3C026A2C5A10004F42F /* Debug */,
				6BD0D3C126A2C5A10004F42F /* Release */,
			);
			defaultConfigurationIsVisible = 0;
			defaultConfigurationName = Release;
		};
		6BD0D3C226A2C5A10004F42F /* Build configuration list for PBXNativeTarget "TasksTests" */ = {
			isa = XCConfigurationList;
			buildConfigurations = (
				6BD0D3C326A2C5A10004F42F /* Debug */,
				6BD0D3C426A2C5A10004F42F /* Release */,
			);
			defaultConfigurationIsVisible = 0;
			defaultConfigurationName = Release;
		};
		6BD0D3C526A2C5A10004F42F /* Build configuration list for PBXNativeTarget "TasksUITests" */ = {
			isa = XCConfigurationList;
			buildConfigurations = (
				6BD0D3C626A2C5A10004F42F /* Debug */,
				6BD0D3C726A2C5A10004F42F /* Release */,
			);
			defaultConfigurationIsVisible = 0;
			defaultConfigurationName = Release;
		};
/* End XCConfigurationList section */
	};
	rootObject = 6BD0D38D26A2C59F0004F42F /* Project object */;
}
